
Microsoft Visual Studio Solution File, Format Version 12.00
# Visual Studio Version 16
VisualStudioVersion = 16.0.28803.916
MinimumVisualStudioVersion = 10.0.40219.1
Project("{FAE04EC0-301F-11D3-BF4B-00C04F79EFBC}") = "exercicio2", "exercicio2\exercicio2.csproj", "{7F5A9C2D-BE81-4A98-9DFE-DBABF5E7F768}"
EndProject
Global
	GlobalSection(SolutionConfigurationPlatforms) = preSolution
		Debug|Any CPU = Debug|Any CPU
		Release|Any CPU = Release|Any CPU
	EndGlobalSection
	GlobalSection(ProjectConfigurationPlatforms) = postSolution
		{7F5A9C2D-BE81-4A98-9DFE-DBABF5E7F768}.Debug|Any CPU.ActiveCfg = Debug|Any CPU
		{7F5A9C2D-BE81-4A98-9DFE-DBABF5E7F768}.Debug|Any CPU.Build.0 = Debug|Any CPU
		{7F5A9C2D-BE81-4A98-9DFE-DBABF5E7F768}.Release|Any CPU.ActiveCfg = Release|Any CPU
		{7F5A9C2D-BE81-4A98-9DFE-DBABF5E7F768}.Release|Any CPU.Build.0 = Release|Any CPU
	EndGlobalSection
	GlobalSection(SolutionProperties) = preSolution
		HideSolutionNode = FALSE
	EndGlobalSection
	GlobalSection(ExtensibilityGlobals) = postSolution
		SolutionGuid = {FF74280B-8BF5-498F-9387-6A0C52866779}
	EndGlobalSection
EndGlobal
