
Microsoft Visual Studio Solution File, Format Version 12.00
# Visual Studio Version 16
VisualStudioVersion = 16.0.28803.916
MinimumVisualStudioVersion = 10.0.40219.1
Project("{FAE04EC0-301F-11D3-BF4B-00C04F79EFBC}") = "aula2", "aula2\aula2.csproj", "{C2EAC9E3-8652-4B0C-BDE7-D590077DD7BA}"
EndProject
Global
	GlobalSection(SolutionConfigurationPlatforms) = preSolution
		Debug|Any CPU = Debug|Any CPU
		Release|Any CPU = Release|Any CPU
	EndGlobalSection
	GlobalSection(ProjectConfigurationPlatforms) = postSolution
		{C2EAC9E3-8652-4B0C-BDE7-D590077DD7BA}.Debug|Any CPU.ActiveCfg = Debug|Any CPU
		{C2EAC9E3-8652-4B0C-BDE7-D590077DD7BA}.Debug|Any CPU.Build.0 = Debug|Any CPU
		{C2EAC9E3-8652-4B0C-BDE7-D590077DD7BA}.Release|Any CPU.ActiveCfg = Release|Any CPU
		{C2EAC9E3-8652-4B0C-BDE7-D590077DD7BA}.Release|Any CPU.Build.0 = Release|Any CPU
	EndGlobalSection
	GlobalSection(SolutionProperties) = preSolution
		HideSolutionNode = FALSE
	EndGlobalSection
	GlobalSection(ExtensibilityGlobals) = postSolution
		SolutionGuid = {58023D0B-01CC-4A46-8392-1E9645177AD9}
	EndGlobalSection
EndGlobal
